lockfileVersion: '9.0'

settings:
  autoInstallPeers: true
  excludeLinksFromLockfile: false

importers:

  .:
    devDependencies:
      '@effect/language-service':
        specifier: ^0.64.1
        version: 0.64.1
      '@effect/platform-node':
        specifier: https://pkg.pr.new/Effect-TS/effect-smol/@effect/platform-node@bc26c98
        version: https://pkg.pr.new/Effect-TS/effect-smol/@effect/platform-node@bc26c98(effect@https://pkg.pr.new/Effect-TS/effect-smol/effect@bc26c98)(ioredis@5.9.1)
      '@linear/sdk':
        specifier: ^69.0.0
        version: 69.0.0(graphql@16.12.0)
      effect:
        specifier: https://pkg.pr.new/Effect-TS/effect-smol/effect@bc26c98
        version: https://pkg.pr.new/Effect-TS/effect-smol/effect@bc26c98
      prettier:
        specifier: ^3.7.4
        version: 3.7.4
      tsdown:
        specifier: ^0.19.0
        version: 0.19.0(typescript@5.9.3)
      typescript:
        specifier: ^5.9.3
        version: 5.9.3

packages:

  '@babel/generator@7.28.5':
    resolution: {integrity: sha512-3EwLFhZ38J4VyIP6WNtt2kUdW9dokXA9Cr4IVIFHuCpZ3H8/YFOl5JjZHisrn1fATPBmKKqXzDFvh9fUwHz6CQ==}
    engines: {node: '>=6.9.0'}

  '@babel/helper-string-parser@7.27.1':
    resolution: {integrity: sha512-qMlSxKbpRlAridDExk92nSobyDdpPijUq2DW6oDnUqd0iOGxmQjyqhMIihI9+zv4LPyZdRje2cavWPbCbWm3eA==}
    engines: {node: '>=6.9.0'}

  '@babel/helper-validator-identifier@7.28.5':
    resolution: {integrity: sha512-qSs4ifwzKJSV39ucNjsvc6WVHs6b7S03sOh2OcHF9UHfVPqWWALUsNUVzhSBiItjRZoLHx7nIarVjqKVusUZ1Q==}
    engines: {node: '>=6.9.0'}

  '@babel/parser@7.28.5':
    resolution: {integrity: sha512-KKBU1VGYR7ORr3At5HAtUQ+TV3SzRCXmA/8OdDZiLDBIZxVyzXuztPjfLd3BV1PRAQGCMWWSHYhL0F8d5uHBDQ==}
    engines: {node: '>=6.0.0'}
    hasBin: true

  '@babel/types@7.28.5':
    resolution: {integrity: sha512-qQ5m48eI/MFLQ5PxQj4PFaprjyCTLI37ElWMmNs0K8Lk3dVeOdNpB3ks8jc7yM5CDmVC73eMVk/trk3fgmrUpA==}
    engines: {node: '>=6.9.0'}

  '@effect/language-service@0.64.1':
    resolution: {integrity: sha512-1S7Xr2t9mygR6QyiIdCQUvPwSvcf5EBpnWmKa/8rC4P0btFfw/RiWRI8bvFI2AW+U4KStMUHYxPu4QEsk4y8bg==}
    hasBin: true

  '@effect/platform-node-shared@https://pkg.pr.new/Effect-TS/effect-smol/@effect/platform-node-shared@bc26c98':
    resolution: {tarball: https://pkg.pr.new/Effect-TS/effect-smol/@effect/platform-node-shared@bc26c98}
    version: 0.31.6
    engines: {node: '>=18.0.0'}
    peerDependencies:
      effect: ^4.0.0

  '@effect/platform-node@https://pkg.pr.new/Effect-TS/effect-smol/@effect/platform-node@bc26c98':
    resolution: {integrity: sha512-AplnhaOCGySbP7T9uDG7EbNGSDhkni3Jkzu885RkxeQ/GFHDhGYAxOvfDYMb+4LTHPpv6nzdv1LMQhy+B+cNyw==, tarball: https://pkg.pr.new/Effect-TS/effect-smol/@effect/platform-node@bc26c98}
    version: 0.77.6
    engines: {node: '>=18.0.0'}
    peerDependencies:
      effect: ^4.0.0
      ioredis: ^5.7.0

  '@emnapi/core@1.8.1':
    resolution: {integrity: sha512-AvT9QFpxK0Zd8J0jopedNm+w/2fIzvtPKPjqyw9jwvBaReTTqPBk9Hixaz7KbjimP+QNz605/XnjFcDAL2pqBg==}

  '@emnapi/runtime@1.8.1':
    resolution: {integrity: sha512-mehfKSMWjjNol8659Z8KxEMrdSJDDot5SXMq00dM8BN4o+CLNXQ0xH2V7EchNHV4RmbZLmmPdEaXZc5H2FXmDg==}

  '@emnapi/wasi-threads@1.1.0':
    resolution: {integrity: sha512-WI0DdZ8xFSbgMjR1sFsKABJ/C5OnRrjT06JXbZKexJGrDuPTzZdDYfFlsgcCXCyf+suG5QU2e/y1Wo2V/OapLQ==}

  '@graphql-typed-document-node/core@3.2.0':
    resolution: {integrity: sha512-mB9oAsNCm9aM3/SOv4YtBMqZbYj10R7dkq8byBqxGY/ncFwhf2oQzMV+LCRlWoDSEBJ3COiR1yeDvMtsoOsuFQ==}
    peerDependencies:
      graphql: ^0.8.0 || ^0.9.0 || ^0.10.0 || ^0.11.0 || ^0.12.0 || ^0.13.0 || ^14.0.0 || ^15.0.0 || ^16.0.0 || ^17.0.0

  '@ioredis/commands@1.5.0':
    resolution: {integrity: sha512-eUgLqrMf8nJkZxT24JvVRrQya1vZkQh8BBeYNwGDqa5I0VUi8ACx7uFvAaLxintokpTenkK6DASvo/bvNbBGow==}

  '@jridgewell/gen-mapping@0.3.13':
    resolution: {integrity: sha512-2kkt/7niJ6MgEPxF0bYdQ6etZaA+fQvDcLKckhy1yIQOzaoKjBBjSj63/aLVjYE3qhRt5dvM+uUyfCg6UKCBbA==}

  '@jridgewell/resolve-uri@3.1.2':
    resolution: {integrity: sha512-bRISgCIjP20/tbWSPWMEi54QVPRZExkuD9lJL+UIxUKtwVJA8wW1Trb1jMs1RFXo1CBTNZ/5hpC9QvmKWdopKw==}
    engines: {node: '>=6.0.0'}

  '@jridgewell/sourcemap-codec@1.5.5':
    resolution: {integrity: sha512-cYQ9310grqxueWbl+WuIUIaiUaDcj7WOq5fVhEljNVgRfOUhY9fy2zTvfoqWsnebh8Sl70VScFbICvJnLKB0Og==}

  '@jridgewell/trace-mapping@0.3.31':
    resolution: {integrity: sha512-zzNR+SdQSDJzc8joaeP8QQoCQr8NuYx2dIIytl1QeBEZHJ9uW6hebsrYgbz8hJwUQao3TWCMtmfV8Nu1twOLAw==}

  '@linear/sdk@69.0.0':
    resolution: {integrity: sha512-o9f+NAlEk/QqAwBQBkeoHripnNITh+IxgczXvb0QBK+eIjNpD9Sn3gP8LyolGTcMqsuGRQOgWBBp2XGhkMx+wQ==}
    engines: {node: '>=18.x'}

  '@msgpackr-extract/msgpackr-extract-darwin-arm64@3.0.3':
    resolution: {integrity: sha512-QZHtlVgbAdy2zAqNA9Gu1UpIuI8Xvsd1v8ic6B2pZmeFnFcMWiPLfWXh7TVw4eGEZ/C9TH281KwhVoeQUKbyjw==}
    cpu: [arm64]
    os: [darwin]

  '@msgpackr-extract/msgpackr-extract-darwin-x64@3.0.3':
    resolution: {integrity: sha512-mdzd3AVzYKuUmiWOQ8GNhl64/IoFGol569zNRdkLReh6LRLHOXxU4U8eq0JwaD8iFHdVGqSy4IjFL4reoWCDFw==}
    cpu: [x64]
    os: [darwin]

  '@msgpackr-extract/msgpackr-extract-linux-arm64@3.0.3':
    resolution: {integrity: sha512-YxQL+ax0XqBJDZiKimS2XQaf+2wDGVa1enVRGzEvLLVFeqa5kx2bWbtcSXgsxjQB7nRqqIGFIcLteF/sHeVtQg==}
    cpu: [arm64]
    os: [linux]

  '@msgpackr-extract/msgpackr-extract-linux-arm@3.0.3':
    resolution: {integrity: sha512-fg0uy/dG/nZEXfYilKoRe7yALaNmHoYeIoJuJ7KJ+YyU2bvY8vPv27f7UKhGRpY6euFYqEVhxCFZgAUNQBM3nw==}
    cpu: [arm]
    os: [linux]

  '@msgpackr-extract/msgpackr-extract-linux-x64@3.0.3':
    resolution: {integrity: sha512-cvwNfbP07pKUfq1uH+S6KJ7dT9K8WOE4ZiAcsrSes+UY55E/0jLYc+vq+DO7jlmqRb5zAggExKm0H7O/CBaesg==}
    cpu: [x64]
    os: [linux]

  '@msgpackr-extract/msgpackr-extract-win32-x64@3.0.3':
    resolution: {integrity: sha512-x0fWaQtYp4E6sktbsdAqnehxDgEc/VwM7uLsRCYWaiGu0ykYdZPiS8zCWdnjHwyiumousxfBm4SO31eXqwEZhQ==}
    cpu: [x64]
    os: [win32]

  '@napi-rs/wasm-runtime@1.1.1':
    resolution: {integrity: sha512-p64ah1M1ld8xjWv3qbvFwHiFVWrq1yFvV4f7w+mzaqiR4IlSgkqhcRdHwsGgomwzBH51sRY4NEowLxnaBjcW/A==}

  '@oxc-project/types@0.107.0':
    resolution: {integrity: sha512-QFDRbYfV2LVx8tyqtyiah3jQPUj1mK2+RYwxyFWyGoys6XJnwTdlzO6rdNNHOPorHAu5Uo34oWRKcvNpbJarmQ==}

  '@quansync/fs@1.0.0':
    resolution: {integrity: sha512-4TJ3DFtlf1L5LDMaM6CanJ/0lckGNtJcMjQ1NAV6zDmA0tEHKZtxNKin8EgPaVX1YzljbxckyT2tJrpQKAtngQ==}

  '@rolldown/binding-android-arm64@1.0.0-beta.59':
    resolution: {integrity: sha512-6yLLgyswYwiCfls9+hoNFY9F8TQdwo15hpXDHzlAR0X/GojeKF+AuNcXjYNbOJ4zjl/5D6lliE8CbpB5t1OWIQ==}
    engines: {node: ^20.19.0 || >=22.12.0}
    cpu: [arm64]
    os: [android]

  '@rolldown/binding-darwin-arm64@1.0.0-beta.59':
    resolution: {integrity: sha512-hqGXRc162qCCIOAcHN2Cw4eXiVTwYsMFLOhAy1IG2CxY+dwc/l4Ga+dLPkLor3Ikqy5WDn+7kxHbbh6EmshEpQ==}
    engines: {node: ^20.19.0 || >=22.12.0}
    cpu: [arm64]
    os: [darwin]

  '@rolldown/binding-darwin-x64@1.0.0-beta.59':
    resolution: {integrity: sha512-ezvvGuhteE15JmMhJW0wS7BaXmhwLy1YHeEwievYaPC1PgGD86wgBKfOpHr9tSKllAXbCe0BeeMvasscWLhKdA==}
    engines: {node: ^20.19.0 || >=22.12.0}
    cpu: [x64]
    os: [darwin]

  '@rolldown/binding-freebsd-x64@1.0.0-beta.59':
    resolution: {integrity: sha512-4fhKVJiEYVd5n6no/mrL3LZ9kByfCGwmONOrdtvx8DJGDQhehH/q3RfhG3V/4jGKhpXgbDjpIjkkFdybCTcgew==}
    engines: {node: ^20.19.0 || >=22.12.0}
    cpu: [x64]
    os: [freebsd]

  '@rolldown/binding-linux-arm-gnueabihf@1.0.0-beta.59':
    resolution: {integrity: sha512-T3Y52sW6JAhvIqArBw+wtjNU1Ieaz4g0NBxyjSJoW971nZJBZygNlSYx78G4cwkCmo1dYTciTPDOnQygLV23pA==}
    engines: {node: ^20.19.0 || >=22.12.0}
    cpu: [arm]
    os: [linux]

  '@rolldown/binding-linux-arm64-gnu@1.0.0-beta.59':
    resolution: {integrity: sha512-NIW40jQDSQap2KDdmm9z3B/4OzWJ6trf8dwx3FD74kcQb3v34ThsBFTtzE5KjDuxnxgUlV+DkAu+XgSMKrgufw==}
    engines: {node: ^20.19.0 || >=22.12.0}
    cpu: [arm64]
    os: [linux]

  '@rolldown/binding-linux-arm64-musl@1.0.0-beta.59':
    resolution: {integrity: sha512-CCKEk+H+8c0WGe/8n1E20n85Tq4Pv+HNAbjP1KfUXW+01aCWSMjU56ChNrM2tvHnXicfm7QRNoZyfY8cWh7jLQ==}
    engines: {node: ^20.19.0 || >=22.12.0}
    cpu: [arm64]
    os: [linux]

  '@rolldown/binding-linux-x64-gnu@1.0.0-beta.59':
    resolution: {integrity: sha512-VlfwJ/HCskPmQi8R0JuAFndySKVFX7yPhE658o27cjSDWWbXVtGkSbwaxstii7Q+3Rz87ZXN+HLnb1kd4R9Img==}
    engines: {node: ^20.19.0 || >=22.12.0}
    cpu: [x64]
    os: [linux]

  '@rolldown/binding-linux-x64-musl@1.0.0-beta.59':
    resolution: {integrity: sha512-kuO92hTRyGy0Ts3Nsqll0rfO8eFsEJe9dGQGktkQnZ2hrJrDVN0y419dMgKy/gB2S2o7F2dpWhpfQOBehZPwVA==}
    engines: {node: ^20.19.0 || >=22.12.0}
    cpu: [x64]
    os: [linux]

  '@rolldown/binding-openharmony-arm64@1.0.0-beta.59':
    resolution: {integrity: sha512-PXAebvNL4sYfCqi8LdY4qyFRacrRoiPZLo3NoUmiTxm7MPtYYR8CNtBGNokqDmMuZIQIecRaD/jbmFAIDz7DxQ==}
    engines: {node: ^20.19.0 || >=22.12.0}
    cpu: [arm64]
    os: [openharmony]

  '@rolldown/binding-wasm32-wasi@1.0.0-beta.59':
    resolution: {integrity: sha512-yJoklQg7XIZq8nAg0bbkEXcDK6sfpjxQGxpg2Nd6ERNtvg+eOaEBRgPww0BVTrYFQzje1pB5qPwC2VnJHT3koQ==}
    engines: {node: '>=14.0.0'}
    cpu: [wasm32]

  '@rolldown/binding-win32-arm64-msvc@1.0.0-beta.59':
    resolution: {integrity: sha512-ljZ4+McmCbIuZwEBaoGtiG8Rq2nJjaXEnLEIx+usWetXn1ECjXY0LAhkELxOV6ytv4ensEmoJJ8nXg47hRMjlw==}
    engines: {node: ^20.19.0 || >=22.12.0}
    cpu: [arm64]
    os: [win32]

  '@rolldown/binding-win32-x64-msvc@1.0.0-beta.59':
    resolution: {integrity: sha512-bMY4tTIwbdZljW+xe/ln1hvs0SRitahQSXfWtvgAtIzgSX9Ar7KqJzU7lRm33YTRFIHLULRi53yNjw9nJGd6uQ==}
    engines: {node: ^20.19.0 || >=22.12.0}
    cpu: [x64]
    os: [win32]

  '@rolldown/pluginutils@1.0.0-beta.59':
    resolution: {integrity: sha512-aoh6LAJRyhtazs98ydgpNOYstxUlsOV1KJXcpf/0c0vFcUA8uyd/hwKRhqE/AAPNqAho9RliGsvitCoOzREoVA==}

  '@standard-schema/spec@1.1.0':
    resolution: {integrity: sha512-l2aFy5jALhniG5HgqrD6jXLi/rUWrKvqN/qJx6yoJsgKhblVd+iqqU4RCXavm/jPityDo5TCvKMnpjKnOriy0w==}

  '@tybys/wasm-util@0.10.1':
    resolution: {integrity: sha512-9tTaPJLSiejZKx+Bmog4uSubteqTvFrVrURwkmHixBo0G4seD0zUxp98E1DzUBJxLQ3NPwXrGKDiVjwx/DpPsg==}

  '@types/node@25.0.6':
    resolution: {integrity: sha512-NNu0sjyNxpoiW3YuVFfNz7mxSQ+S4X2G28uqg2s+CzoqoQjLPsWSbsFFyztIAqt2vb8kfEAsJNepMGPTxFDx3Q==}

  '@types/ws@8.18.1':
    resolution: {integrity: sha512-ThVF6DCVhA8kUGy+aazFQ4kXQ7E1Ty7A3ypFOe0IcJV8O/M511G99AW24irKrW56Wt44yG9+ij8FaqoBGkuBXg==}

  ansis@4.2.0:
    resolution: {integrity: sha512-HqZ5rWlFjGiV0tDm3UxxgNRqsOTniqoKZu0pIAfh7TZQMGuZK+hH0drySty0si0QXj1ieop4+SkSfPZBPPkHig==}
    engines: {node: '>=14'}

  ast-kit@2.2.0:
    resolution: {integrity: sha512-m1Q/RaVOnTp9JxPX+F+Zn7IcLYMzM8kZofDImfsKZd8MbR+ikdOzTeztStWqfrqIxZnYWryyI9ePm3NGjnZgGw==}
    engines: {node: '>=20.19.0'}

  birpc@4.0.0:
    resolution: {integrity: sha512-LShSxJP0KTmd101b6DRyGBj57LZxSDYWKitQNW/mi8GRMvZb078Uf9+pveax1DrVL89vm7mWe+TovdI/UDOuPw==}

  cac@6.7.14:
    resolution: {integrity: sha512-b6Ilus+c3RrdDk+JhLKUAQfzzgLEPy6wcXqS7f/xe1EETvsDP6GORG7SFuOs6cID5YkqchW/LXZbX5bc8j7ZcQ==}
    engines: {node: '>=8'}

  cluster-key-slot@1.1.2:
    resolution: {integrity: sha512-RMr0FhtfXemyinomL4hrWcYJxmX6deFdCxpJzhDttxgO1+bcCnkk+9drydLVDmAMG7NE6aN/fl4F7ucU/90gAA==}
    engines: {node: '>=0.10.0'}

  debug@4.4.3:
    resolution: {integrity: sha512-RGwwWnwQvkVfavKVt22FGLw+xYSdzARwm0ru6DhTVA3umU5hZc28V3kO4stgYryrTlLpuvgI9GiijltAjNbcqA==}
    engines: {node: '>=6.0'}
    peerDependencies:
      supports-color: '*'
    peerDependenciesMeta:
      supports-color:
        optional: true

  defu@6.1.4:
    resolution: {integrity: sha512-mEQCMmwJu317oSz8CwdIOdwf3xMif1ttiM8LTufzc3g6kR+9Pe236twL8j3IYT1F7GfRgGcW6MWxzZjLIkuHIg==}

  denque@2.1.0:
    resolution: {integrity: sha512-HVQE3AAb/pxF8fQAoiqpvg9i3evqug3hoiwakOyZAwJm+6vZehbkYXZ0l4JxS+I3QxM97v5aaRNhj8v5oBhekw==}
    engines: {node: '>=0.10'}

  detect-libc@2.1.2:
    resolution: {integrity: sha512-Btj2BOOO83o3WyH59e8MgXsxEQVcarkUOpEYrubB0urwnN10yQ364rsiByU11nZlqWYZm05i/of7io4mzihBtQ==}
    engines: {node: '>=8'}

  dts-resolver@2.1.3:
    resolution: {integrity: sha512-bihc7jPC90VrosXNzK0LTE2cuLP6jr0Ro8jk+kMugHReJVLIpHz/xadeq3MhuwyO4TD4OA3L1Q8pBBFRc08Tsw==}
    engines: {node: '>=20.19.0'}
    peerDependencies:
      oxc-resolver: '>=11.0.0'
    peerDependenciesMeta:
      oxc-resolver:
        optional: true

  effect@https://pkg.pr.new/Effect-TS/effect-smol/effect@bc26c98:
    resolution: {integrity: sha512-Cj0kXRFKfj/K4JvrKYFbpEoJr2ZxZ2PKBW9NNEDWvIczOXts298XUIIB9gET4CBfc9O3MD4+xhCGd/hRHP+ZUw==, tarball: https://pkg.pr.new/Effect-TS/effect-smol/effect@bc26c98}
    version: 4.0.0

  empathic@2.0.0:
    resolution: {integrity: sha512-i6UzDscO/XfAcNYD75CfICkmfLedpyPDdozrLMmQc5ORaQcdMoc21OnlEylMIqI7U8eniKrPMxxtj8k0vhmJhA==}
    engines: {node: '>=14'}

  fast-check@4.5.3:
    resolution: {integrity: sha512-IE9csY7lnhxBnA8g/WI5eg/hygA6MGWJMSNfFRrBlXUciADEhS1EDB0SIsMSvzubzIlOBbVITSsypCsW717poA==}
    engines: {node: '>=12.17.0'}

  fdir@6.5.0:
    resolution: {integrity: sha512-tIbYtZbucOs0BRGqPJkshJUYdL+SDH7dVM8gjy+ERp3WAUjLEFJE+02kanyHtwjWOnwrKYBiwAmM0p4kLJAnXg==}
    engines: {node: '>=12.0.0'}
    peerDependencies:
      picomatch: ^3 || ^4
    peerDependenciesMeta:
      picomatch:
        optional: true

  find-my-way-ts@0.1.6:
    resolution: {integrity: sha512-a85L9ZoXtNAey3Y6Z+eBWW658kO/MwR7zIafkIUPUMf3isZG0NCs2pjW2wtjxAKuJPxMAsHUIP4ZPGv0o5gyTA==}

  get-tsconfig@4.13.0:
    resolution: {integrity: sha512-1VKTZJCwBrvbd+Wn3AOgQP/2Av+TfTCOlE4AcRJE72W1ksZXbAx8PPBR9RzgTeSPzlPMHrbANMH3LbltH73wxQ==}

  graphql@16.12.0:
    resolution: {integrity: sha512-DKKrynuQRne0PNpEbzuEdHlYOMksHSUI8Zc9Unei5gTsMNA2/vMpoMz/yKba50pejK56qj98qM0SjYxAKi13gQ==}
    engines: {node: ^12.22.0 || ^14.16.0 || ^16.0.0 || >=17.0.0}

  hookable@6.0.1:
    resolution: {integrity: sha512-uKGyY8BuzN/a5gvzvA+3FVWo0+wUjgtfSdnmjtrOVwQCZPHpHDH2WRO3VZSOeluYrHoDCiXFffZXs8Dj1ULWtw==}

  import-without-cache@0.2.5:
    resolution: {integrity: sha512-B6Lc2s6yApwnD2/pMzFh/d5AVjdsDXjgkeJ766FmFuJELIGHNycKRj+l3A39yZPM4CchqNCB4RITEAYB1KUM6A==}
    engines: {node: '>=20.19.0'}

  ini@5.0.0:
    resolution: {integrity: sha512-+N0ngpO3e7cRUWOJAS7qw0IZIVc6XPrW4MlFBdD066F2L4k1L6ker3hLqSq7iXxU5tgS4WGkIUElWn5vogAEnw==}
    engines: {node: ^18.17.0 || >=20.5.0}

  ioredis@5.9.1:
    resolution: {integrity: sha512-BXNqFQ66oOsR82g9ajFFsR8ZKrjVvYCLyeML9IvSMAsP56XH2VXBdZjmI11p65nXXJxTEt1hie3J2QeFJVgrtQ==}
    engines: {node: '>=12.22.0'}

  jsesc@3.1.0:
    resolution: {integrity: sha512-/sM3dO2FOzXjKQhJuo0Q173wf2KOo8t4I8vHy6lF9poUp7bKT0/NHE8fPX23PwfhnykfqnC2xRxOnVw5XuGIaA==}
    engines: {node: '>=6'}
    hasBin: true

  kubernetes-types@1.30.0:
    resolution: {integrity: sha512-Dew1okvhM/SQcIa2rcgujNndZwU8VnSapDgdxlYoB84ZlpAD43U6KLAFqYo17ykSFGHNPrg0qry0bP+GJd9v7Q==}

  lodash.defaults@4.2.0:
    resolution: {integrity: sha512-qjxPLHd3r5DnsdGacqOMU6pb/avJzdh9tFX2ymgoZE27BmjXrNy/y4LoaiTeAb+O3gL8AfpJGtqfX/ae2leYYQ==}

  lodash.isarguments@3.1.0:
    resolution: {integrity: sha512-chi4NHZlZqZD18a0imDHnZPrDeBbTtVN7GXMwuGdRH9qotxAjYs3aVLKc7zNOG9eddR5Ksd8rvFEBc9SsggPpg==}

  mime@4.1.0:
    resolution: {integrity: sha512-X5ju04+cAzsojXKes0B/S4tcYtFAJ6tTMuSPBEn9CPGlrWr8Fiw7qYeLT0XyH80HSoAoqWCaz+MWKh22P7G1cw==}
    engines: {node: '>=16'}
    hasBin: true

  ms@2.1.3:
    resolution: {integrity: sha512-6FlzubTLZG3J2a/NVCAleEhjzq5oxgHyaCU9yYXvcLsvoVaHJq/s5xXI6/XXP6tz7R9xAOtHnSO/tXtF3WRTlA==}

  msgpackr-extract@3.0.3:
    resolution: {integrity: sha512-P0efT1C9jIdVRefqjzOQ9Xml57zpOXnIuS+csaB4MdZbTdmGDLo8XhzBG1N7aO11gKDDkJvBLULeFTo46wwreA==}
    hasBin: true

  msgpackr@1.11.8:
    resolution: {integrity: sha512-bC4UGzHhVvgDNS7kn9tV8fAucIYUBuGojcaLiz7v+P63Lmtm0Xeji8B/8tYKddALXxJLpwIeBmUN3u64C4YkRA==}

  multipasta@0.2.7:
    resolution: {integrity: sha512-KPA58d68KgGil15oDqXjkUBEBYc00XvbPj5/X+dyzeo/lWm9Nc25pQRlf1D+gv4OpK7NM0J1odrbu9JNNGvynA==}

  node-gyp-build-optional-packages@5.2.2:
    resolution: {integrity: sha512-s+w+rBWnpTMwSFbaE0UXsRlg7hU4FjekKU4eyAih5T8nJuNZT1nNsskXpxmeqSK9UzkBl6UgRlnKc8hz8IEqOw==}
    hasBin: true

  obug@2.1.1:
    resolution: {integrity: sha512-uTqF9MuPraAQ+IsnPf366RG4cP9RtUi7MLO1N3KEc+wb0a6yKpeL0lmk2IB1jY5KHPAlTc6T/JRdC/YqxHNwkQ==}

  pathe@2.0.3:
    resolution: {integrity: sha512-WUjGcAqP1gQacoQe+OBJsFA7Ld4DyXuUIjZ5cc75cLHvJ7dtNsTugphxIADwspS+AraAUePCKrSVtPLFj/F88w==}

  picomatch@4.0.3:
    resolution: {integrity: sha512-5gTmgEY/sqK6gFXLIsQNH19lWb4ebPDLA4SdLP7dsWkIXHWlG66oPuVvXSGFPppYZz8ZDZq0dYYrbHfBCVUb1Q==}
    engines: {node: '>=12'}

  prettier@3.7.4:
    resolution: {integrity: sha512-v6UNi1+3hSlVvv8fSaoUbggEM5VErKmmpGA7Pl3HF8V6uKY7rvClBOJlH6yNwQtfTueNkGVpOv/mtWL9L4bgRA==}
    engines: {node: '>=14'}
    hasBin: true

  pure-rand@7.0.1:
    resolution: {integrity: sha512-oTUZM/NAZS8p7ANR3SHh30kXB+zK2r2BPcEn/awJIbOvq82WoMN4p62AWWp3Hhw50G0xMsw1mhIBLqHw64EcNQ==}

  quansync@1.0.0:
    resolution: {integrity: sha512-5xZacEEufv3HSTPQuchrvV6soaiACMFnq1H8wkVioctoH3TRha9Sz66lOxRwPK/qZj7HPiSveih9yAyh98gvqA==}

  redis-errors@1.2.0:
    resolution: {integrity: sha512-1qny3OExCf0UvUV/5wpYKf2YwPcOqXzkwKKSmKHiE6ZMQs5heeE/c8eXK+PNllPvmjgAbfnsbpkGZWy8cBpn9w==}
    engines: {node: '>=4'}

  redis-parser@3.0.0:
    resolution: {integrity: sha512-DJnGAeenTdpMEH6uAJRK/uiyEIH9WVsUmoLwzudwGJUwZPp80PDBWPHXSAGNPwNvIXAbe7MSUB1zQFugFml66A==}
    engines: {node: '>=4'}

  resolve-pkg-maps@1.0.0:
    resolution: {integrity: sha512-seS2Tj26TBVOC2NIc2rOe2y2ZO7efxITtLZcGSOnHHNOQ7CkiUBfw0Iw2ck6xkIhPwLhKNLS8BO+hEpngQlqzw==}

  rolldown-plugin-dts@0.20.0:
    resolution: {integrity: sha512-cLAY1kN2ilTYMfZcFlGWbXnu6Nb+8uwUBsi+Mjbh4uIx7IN8uMOmJ7RxrrRgPsO4H7eSz3E+JwGoL1gyugiyUA==}
    engines: {node: '>=20.19.0'}
    peerDependencies:
      '@ts-macro/tsc': ^0.3.6
      '@typescript/native-preview': '>=7.0.0-dev.20250601.1'
      rolldown: ^1.0.0-beta.57
      typescript: ^5.0.0
      vue-tsc: ~3.2.0
    peerDependenciesMeta:
      '@ts-macro/tsc':
        optional: true
      '@typescript/native-preview':
        optional: true
      typescript:
        optional: true
      vue-tsc:
        optional: true

  rolldown@1.0.0-beta.59:
    resolution: {integrity: sha512-Slm000Gd8/AO9z4Kxl4r8mp/iakrbAuJ1L+7ddpkNxgQ+Vf37WPvY63l3oeyZcfuPD1DRrUYBsRPIXSOhvOsmw==}
    engines: {node: ^20.19.0 || >=22.12.0}
    hasBin: true

  semver@7.7.3:
    resolution: {integrity: sha512-SdsKMrI9TdgjdweUSR9MweHA4EJ8YxHn8DFaDisvhVlUOe4BF1tLD7GAj0lIqWVl+dPb/rExr0Btby5loQm20Q==}
    engines: {node: '>=10'}
    hasBin: true

  standard-as-callback@2.1.0:
    resolution: {integrity: sha512-qoRRSyROncaz1z0mvYqIE4lCd9p2R90i6GxW3uZv5ucSu8tU7B5HXUP1gG8pVZsYNVaXjk8ClXHPttLyxAL48A==}

  tinyexec@1.0.2:
    resolution: {integrity: sha512-W/KYk+NFhkmsYpuHq5JykngiOCnxeVL8v8dFnqxSD8qEEdRfXk1SDM6JzNqcERbcGYj9tMrDQBYV9cjgnunFIg==}
    engines: {node: '>=18'}

  tinyglobby@0.2.15:
    resolution: {integrity: sha512-j2Zq4NyQYG5XMST4cbs02Ak8iJUdxRM0XI5QyxXuZOzKOINmWurp3smXu3y5wDcJrptwpSjgXHzIQxR0omXljQ==}
    engines: {node: '>=12.0.0'}

  toml@3.0.0:
    resolution: {integrity: sha512-y/mWCZinnvxjTKYhJ+pYxwD0mRLVvOtdS2Awbgxln6iEnt4rk0yBxeSBHkGJcPucRiG0e55mwWp+g/05rsrd6w==}

  tree-kill@1.2.2:
    resolution: {integrity: sha512-L0Orpi8qGpRG//Nd+H90vFB+3iHnue1zSSGmNOOCh1GLJ7rUKVwV2HvijphGQS2UmhUZewS9VgvxYIdgr+fG1A==}
    hasBin: true

  tsdown@0.19.0:
    resolution: {integrity: sha512-uqg8yzlS7GemFWcM6aCp/sptF4bJiJbWUibuHTRLLCBEsGCgJxuqxPhuVTqyHXqoEkh9ohwAdlyDKli5MEWCyQ==}
    engines: {node: '>=20.19.0'}
    hasBin: true
    peerDependencies:
      '@arethetypeswrong/core': ^0.18.1
      '@vitejs/devtools': '*'
      publint: ^0.3.0
      typescript: ^5.0.0
      unplugin-lightningcss: ^0.4.0
      unplugin-unused: ^0.5.0
    peerDependenciesMeta:
      '@arethetypeswrong/core':
        optional: true
      '@vitejs/devtools':
        optional: true
      publint:
        optional: true
      typescript:
        optional: true
      unplugin-lightningcss:
        optional: true
      unplugin-unused:
        optional: true

  tslib@2.8.1:
    resolution: {integrity: sha512-oJFu94HQb+KVduSUQL7wnpmqnfmLsOA/nAh6b6EH0wCEoK0/mPeXU6c3wKDV83MkOuHPRHtSXKKU99IBazS/2w==}

  typescript@5.9.3:
    resolution: {integrity: sha512-jl1vZzPDinLr9eUt3J/t7V6FgNEw9QjvBPdysz9KfQDD41fQrC2Y4vKQdiaUpFT4bXlb1RHhLpp8wtm6M5TgSw==}
    engines: {node: '>=14.17'}
    hasBin: true

  unconfig-core@7.4.2:
    resolution: {integrity: sha512-VgPCvLWugINbXvMQDf8Jh0mlbvNjNC6eSUziHsBCMpxR05OPrNrvDnyatdMjRgcHaaNsCqz+wjNXxNw1kRLHUg==}

  undici-types@7.16.0:
    resolution: {integrity: sha512-Zz+aZWSj8LE6zoxD+xrjh4VfkIG8Ya6LvYkZqtUQGJPZjYl53ypCaUwWqo7eI0x66KBGeRo+mlBEkMSeSZ38Nw==}

  undici@7.18.2:
    resolution: {integrity: sha512-y+8YjDFzWdQlSE9N5nzKMT3g4a5UBX1HKowfdXh0uvAnTaqqwqB92Jt4UXBAeKekDs5IaDKyJFR4X1gYVCgXcw==}
    engines: {node: '>=20.18.1'}

  unrun@0.2.24:
    resolution: {integrity: sha512-xa4/O5q2jmI6EqxweJ+sOy5cyORZWcsgmi8pmABVSUyg24Fh44qJrneUHavZEMsbJbghHYWKSraFy5hDCb/m4w==}
    engines: {node: '>=20.19.0'}
    hasBin: true
    peerDependencies:
      synckit: ^0.11.11
    peerDependenciesMeta:
      synckit:
        optional: true

  uuid@13.0.0:
    resolution: {integrity: sha512-XQegIaBTVUjSHliKqcnFqYypAd4S+WCYt5NIeRs6w/UAry7z8Y9j5ZwRRL4kzq9U3sD6v+85er9FvkEaBpji2w==}
    hasBin: true

  ws@8.19.0:
    resolution: {integrity: sha512-blAT2mjOEIi0ZzruJfIhb3nps74PRWTCz1IjglWEEpQl5XS/UNama6u2/rjFkDDouqr4L67ry+1aGIALViWjDg==}
    engines: {node: '>=10.0.0'}
    peerDependencies:
      bufferutil: ^4.0.1
      utf-8-validate: '>=5.0.2'
    peerDependenciesMeta:
      bufferutil:
        optional: true
      utf-8-validate:
        optional: true

  yaml@2.8.2:
    resolution: {integrity: sha512-mplynKqc1C2hTVYxd0PU2xQAc22TI1vShAYGksCCfxbn/dFwnHTNi1bvYsBTkhdUNtGIf5xNOg938rrSSYvS9A==}
    engines: {node: '>= 14.6'}
    hasBin: true

snapshots:

  '@babel/generator@7.28.5':
    dependencies:
      '@babel/parser': 7.28.5
      '@babel/types': 7.28.5
      '@jridgewell/gen-mapping': 0.3.13
      '@jridgewell/trace-mapping': 0.3.31
      jsesc: 3.1.0

  '@babel/helper-string-parser@7.27.1': {}

  '@babel/helper-validator-identifier@7.28.5': {}

  '@babel/parser@7.28.5':
    dependencies:
      '@babel/types': 7.28.5

  '@babel/types@7.28.5':
    dependencies:
      '@babel/helper-string-parser': 7.27.1
      '@babel/helper-validator-identifier': 7.28.5

  '@effect/language-service@0.64.1': {}

  '@effect/platform-node-shared@https://pkg.pr.new/Effect-TS/effect-smol/@effect/platform-node-shared@bc26c98(effect@https://pkg.pr.new/Effect-TS/effect-smol/effect@bc26c98)':
    dependencies:
      '@types/ws': 8.18.1
      effect: https://pkg.pr.new/Effect-TS/effect-smol/effect@bc26c98
      ws: 8.19.0
    transitivePeerDependencies:
      - bufferutil
      - utf-8-validate

  '@effect/platform-node@https://pkg.pr.new/Effect-TS/effect-smol/@effect/platform-node@bc26c98(effect@https://pkg.pr.new/Effect-TS/effect-smol/effect@bc26c98)(ioredis@5.9.1)':
    dependencies:
      '@effect/platform-node-shared': https://pkg.pr.new/Effect-TS/effect-smol/@effect/platform-node-shared@bc26c98(effect@https://pkg.pr.new/Effect-TS/effect-smol/effect@bc26c98)
      effect: https://pkg.pr.new/Effect-TS/effect-smol/effect@bc26c98
      ioredis: 5.9.1
      mime: 4.1.0
      undici: 7.18.2
    transitivePeerDependencies:
      - bufferutil
      - utf-8-validate

  '@emnapi/core@1.8.1':
    dependencies:
      '@emnapi/wasi-threads': 1.1.0
      tslib: 2.8.1
    optional: true

  '@emnapi/runtime@1.8.1':
    dependencies:
      tslib: 2.8.1
    optional: true

  '@emnapi/wasi-threads@1.1.0':
    dependencies:
      tslib: 2.8.1
    optional: true

  '@graphql-typed-document-node/core@3.2.0(graphql@16.12.0)':
    dependencies:
      graphql: 16.12.0

  '@ioredis/commands@1.5.0': {}

  '@jridgewell/gen-mapping@0.3.13':
    dependencies:
      '@jridgewell/sourcemap-codec': 1.5.5
      '@jridgewell/trace-mapping': 0.3.31

  '@jridgewell/resolve-uri@3.1.2': {}

  '@jridgewell/sourcemap-codec@1.5.5': {}

  '@jridgewell/trace-mapping@0.3.31':
    dependencies:
      '@jridgewell/resolve-uri': 3.1.2
      '@jridgewell/sourcemap-codec': 1.5.5

  '@linear/sdk@69.0.0(graphql@16.12.0)':
    dependencies:
      '@graphql-typed-document-node/core': 3.2.0(graphql@16.12.0)
    transitivePeerDependencies:
      - graphql

  '@msgpackr-extract/msgpackr-extract-darwin-arm64@3.0.3':
    optional: true

  '@msgpackr-extract/msgpackr-extract-darwin-x64@3.0.3':
    optional: true

  '@msgpackr-extract/msgpackr-extract-linux-arm64@3.0.3':
    optional: true

  '@msgpackr-extract/msgpackr-extract-linux-arm@3.0.3':
    optional: true

  '@msgpackr-extract/msgpackr-extract-linux-x64@3.0.3':
    optional: true

  '@msgpackr-extract/msgpackr-extract-win32-x64@3.0.3':
    optional: true

  '@napi-rs/wasm-runtime@1.1.1':
    dependencies:
      '@emnapi/core': 1.8.1
      '@emnapi/runtime': 1.8.1
      '@tybys/wasm-util': 0.10.1
    optional: true

  '@oxc-project/types@0.107.0': {}

  '@quansync/fs@1.0.0':
    dependencies:
      quansync: 1.0.0

  '@rolldown/binding-android-arm64@1.0.0-beta.59':
    optional: true

  '@rolldown/binding-darwin-arm64@1.0.0-beta.59':
    optional: true

  '@rolldown/binding-darwin-x64@1.0.0-beta.59':
    optional: true

  '@rolldown/binding-freebsd-x64@1.0.0-beta.59':
    optional: true

  '@rolldown/binding-linux-arm-gnueabihf@1.0.0-beta.59':
    optional: true

  '@rolldown/binding-linux-arm64-gnu@1.0.0-beta.59':
    optional: true

  '@rolldown/binding-linux-arm64-musl@1.0.0-beta.59':
    optional: true

  '@rolldown/binding-linux-x64-gnu@1.0.0-beta.59':
    optional: true

  '@rolldown/binding-linux-x64-musl@1.0.0-beta.59':
    optional: true

  '@rolldown/binding-openharmony-arm64@1.0.0-beta.59':
    optional: true

  '@rolldown/binding-wasm32-wasi@1.0.0-beta.59':
    dependencies:
      '@napi-rs/wasm-runtime': 1.1.1
    optional: true

  '@rolldown/binding-win32-arm64-msvc@1.0.0-beta.59':
    optional: true

  '@rolldown/binding-win32-x64-msvc@1.0.0-beta.59':
    optional: true

  '@rolldown/pluginutils@1.0.0-beta.59': {}

  '@standard-schema/spec@1.1.0': {}

  '@tybys/wasm-util@0.10.1':
    dependencies:
      tslib: 2.8.1
    optional: true

  '@types/node@25.0.6':
    dependencies:
      undici-types: 7.16.0

  '@types/ws@8.18.1':
    dependencies:
      '@types/node': 25.0.6

  ansis@4.2.0: {}

  ast-kit@2.2.0:
    dependencies:
      '@babel/parser': 7.28.5
      pathe: 2.0.3

  birpc@4.0.0: {}

  cac@6.7.14: {}

  cluster-key-slot@1.1.2: {}

  debug@4.4.3:
    dependencies:
      ms: 2.1.3

  defu@6.1.4: {}

  denque@2.1.0: {}

  detect-libc@2.1.2:
    optional: true

  dts-resolver@2.1.3: {}

  effect@https://pkg.pr.new/Effect-TS/effect-smol/effect@bc26c98:
    dependencies:
      '@standard-schema/spec': 1.1.0
      fast-check: 4.5.3
      find-my-way-ts: 0.1.6
      ini: 5.0.0
      kubernetes-types: 1.30.0
      msgpackr: 1.11.8
      multipasta: 0.2.7
      toml: 3.0.0
      uuid: 13.0.0
      yaml: 2.8.2

  empathic@2.0.0: {}

  fast-check@4.5.3:
    dependencies:
      pure-rand: 7.0.1

  fdir@6.5.0(picomatch@4.0.3):
    optionalDependencies:
      picomatch: 4.0.3

  find-my-way-ts@0.1.6: {}

  get-tsconfig@4.13.0:
    dependencies:
      resolve-pkg-maps: 1.0.0

  graphql@16.12.0: {}

  hookable@6.0.1: {}

  import-without-cache@0.2.5: {}

  ini@5.0.0: {}

  ioredis@5.9.1:
    dependencies:
      '@ioredis/commands': 1.5.0
      cluster-key-slot: 1.1.2
      debug: 4.4.3
      denque: 2.1.0
      lodash.defaults: 4.2.0
      lodash.isarguments: 3.1.0
      redis-errors: 1.2.0
      redis-parser: 3.0.0
      standard-as-callback: 2.1.0
    transitivePeerDependencies:
      - supports-color

  jsesc@3.1.0: {}

  kubernetes-types@1.30.0: {}

  lodash.defaults@4.2.0: {}

  lodash.isarguments@3.1.0: {}

  mime@4.1.0: {}

  ms@2.1.3: {}

  msgpackr-extract@3.0.3:
    dependencies:
      node-gyp-build-optional-packages: 5.2.2
    optionalDependencies:
      '@msgpackr-extract/msgpackr-extract-darwin-arm64': 3.0.3
      '@msgpackr-extract/msgpackr-extract-darwin-x64': 3.0.3
      '@msgpackr-extract/msgpackr-extract-linux-arm': 3.0.3
      '@msgpackr-extract/msgpackr-extract-linux-arm64': 3.0.3
      '@msgpackr-extract/msgpackr-extract-linux-x64': 3.0.3
      '@msgpackr-extract/msgpackr-extract-win32-x64': 3.0.3
    optional: true

  msgpackr@1.11.8:
    optionalDependencies:
      msgpackr-extract: 3.0.3

  multipasta@0.2.7: {}

  node-gyp-build-optional-packages@5.2.2:
    dependencies:
      detect-libc: 2.1.2
    optional: true

  obug@2.1.1: {}

  pathe@2.0.3: {}

  picomatch@4.0.3: {}

  prettier@3.7.4: {}

  pure-rand@7.0.1: {}

  quansync@1.0.0: {}

  redis-errors@1.2.0: {}

  redis-parser@3.0.0:
    dependencies:
      redis-errors: 1.2.0

  resolve-pkg-maps@1.0.0: {}

  rolldown-plugin-dts@0.20.0(rolldown@1.0.0-beta.59)(typescript@5.9.3):
    dependencies:
      '@babel/generator': 7.28.5
      '@babel/parser': 7.28.5
      '@babel/types': 7.28.5
      ast-kit: 2.2.0
      birpc: 4.0.0
      dts-resolver: 2.1.3
      get-tsconfig: 4.13.0
      obug: 2.1.1
      rolldown: 1.0.0-beta.59
    optionalDependencies:
      typescript: 5.9.3
    transitivePeerDependencies:
      - oxc-resolver

  rolldown@1.0.0-beta.59:
    dependencies:
      '@oxc-project/types': 0.107.0
      '@rolldown/pluginutils': 1.0.0-beta.59
    optionalDependencies:
      '@rolldown/binding-android-arm64': 1.0.0-beta.59
      '@rolldown/binding-darwin-arm64': 1.0.0-beta.59
      '@rolldown/binding-darwin-x64': 1.0.0-beta.59
      '@rolldown/binding-freebsd-x64': 1.0.0-beta.59
      '@rolldown/binding-linux-arm-gnueabihf': 1.0.0-beta.59
      '@rolldown/binding-linux-arm64-gnu': 1.0.0-beta.59
      '@rolldown/binding-linux-arm64-musl': 1.0.0-beta.59
      '@rolldown/binding-linux-x64-gnu': 1.0.0-beta.59
      '@rolldown/binding-linux-x64-musl': 1.0.0-beta.59
      '@rolldown/binding-openharmony-arm64': 1.0.0-beta.59
      '@rolldown/binding-wasm32-wasi': 1.0.0-beta.59
      '@rolldown/binding-win32-arm64-msvc': 1.0.0-beta.59
      '@rolldown/binding-win32-x64-msvc': 1.0.0-beta.59

  semver@7.7.3: {}

  standard-as-callback@2.1.0: {}

  tinyexec@1.0.2: {}

  tinyglobby@0.2.15:
    dependencies:
      fdir: 6.5.0(picomatch@4.0.3)
      picomatch: 4.0.3

  toml@3.0.0: {}

  tree-kill@1.2.2: {}

  tsdown@0.19.0(typescript@5.9.3):
    dependencies:
      ansis: 4.2.0
      cac: 6.7.14
      defu: 6.1.4
      empathic: 2.0.0
      hookable: 6.0.1
      import-without-cache: 0.2.5
      obug: 2.1.1
      picomatch: 4.0.3
      rolldown: 1.0.0-beta.59
      rolldown-plugin-dts: 0.20.0(rolldown@1.0.0-beta.59)(typescript@5.9.3)
      semver: 7.7.3
      tinyexec: 1.0.2
      tinyglobby: 0.2.15
      tree-kill: 1.2.2
      unconfig-core: 7.4.2
      unrun: 0.2.24
    optionalDependencies:
      typescript: 5.9.3
    transitivePeerDependencies:
      - '@ts-macro/tsc'
      - '@typescript/native-preview'
      - oxc-resolver
      - synckit
      - vue-tsc

  tslib@2.8.1:
    optional: true

  typescript@5.9.3: {}

  unconfig-core@7.4.2:
    dependencies:
      '@quansync/fs': 1.0.0
      quansync: 1.0.0

  undici-types@7.16.0: {}

  undici@7.18.2: {}

  unrun@0.2.24:
    dependencies:
      rolldown: 1.0.0-beta.59

  uuid@13.0.0: {}

  ws@8.19.0: {}

  yaml@2.8.2: {}
